
Microsoft Visual Studio Solution File, Format Version 12.00
# Visual Studio Version 17
VisualStudioVersion = 17.13.35806.99 d17.13
MinimumVisualStudioVersion = 10.0.40219.1
Project("{FAE04EC0-301F-11D3-BF4B-00C04F79EFBC}") = "TensorFlowLab", "TensorFlowLab\TensorFlowLab.csproj", "{F28574D8-300F-4CBA-97E8-70B4EFD3BD18}"
EndProject
Global
	GlobalSection(SolutionConfigurationPlatforms) = preSolution
		Debug|Any CPU = Debug|Any CPU
		Release|Any CPU = Release|Any CPU
	EndGlobalSection
	GlobalSection(ProjectConfigurationPlatforms) = postSolution
		{F28574D8-300F-4CBA-97E8-70B4EFD3BD18}.Debug|Any CPU.ActiveCfg = Debug|Any CPU
		{F28574D8-300F-4CBA-97E8-70B4EFD3BD18}.Debug|Any CPU.Build.0 = Debug|Any CPU
		{F28574D8-300F-4CBA-97E8-70B4EFD3BD18}.Release|Any CPU.ActiveCfg = Release|Any CPU
		{F28574D8-300F-4CBA-97E8-70B4EFD3BD18}.Release|Any CPU.Build.0 = Release|Any CPU
	EndGlobalSection
	GlobalSection(SolutionProperties) = preSolution
		HideSolutionNode = FALSE
	EndGlobalSection
	GlobalSection(ExtensibilityGlobals) = postSolution
		SolutionGuid = {4188008C-9DB7-43F8-9620-14AC9BB19A53}
	EndGlobalSection
EndGlobal
